// !$*UTF8*$!
{
	archiveVersion = 1;
	classes = {
	};
	objectVersion = 56;
	objects = {

/* Begin PBXBuildFile section */
		D67C00862B7CCF3F005BCE7F /* FacebookAEM in Frameworks */ = {isa = PBXBuildFile; productRef = D67C00852B7CCF3F005BCE7F /* FacebookAEM */; };
		D67C00882B7CCF3F005BCE7F /* FacebookBasics in Frameworks */ = {isa = PBXBuildFile; productRef = D67C00872B7CCF3F005BCE7F /* FacebookBasics */; };
		D67C008A2B7CCF3F005BCE7F /* FacebookCore in Frameworks */ = {isa = PBXBuildFile; productRef = D67C00892B7CCF3F005BCE7F /* FacebookCore */; };
		D67C008C2B7CCF3F005BCE7F /* FacebookGamingServices in Frameworks */ = {isa = PBXBuildFile; productRef = D67C008B2B7CCF3F005BCE7F /* FacebookGamingServices */; };
		D67C008E2B7CCF3F005BCE7F /* FacebookLogin in Frameworks */ = {isa = PBXBuildFile; productRef = D67C008D2B7CCF3F005BCE7F /* FacebookLogin */; };
		D67C00902B7CCF3F005BCE7F /* FacebookShare in Frameworks */ = {isa = PBXBuildFile; productRef = D67C008F2B7CCF3F005BCE7F /* FacebookShare */; };
		D67C00922B7CE0CE005BCE7F /* FBLoginManager.swift in Sources */ = {isa = PBXBuildFile; fileRef = D67C00912B7CE0CE005BCE7F /* FBLoginManager.swift */; };
		D6F015692B7CB87400A28438 /* SwiftUIIntegrationApp.swift in Sources */ = {isa = PBXBuildFile; fileRef = D6F015682B7CB87400A28438 /* SwiftUIIntegrationApp.swift */; };
		D6F0156B2B7CB87400A28438 /* ContentView.swift in Sources */ = {isa = PBXBuildFile; fileRef = D6F0156A2B7CB87400A28438 /* ContentView.swift */; };
		D6F0156D2B7CB87600A28438 /* Assets.xcassets in Resources */ = {isa = PBXBuildFile; fileRef = D6F0156C2B7CB87600A28438 /* Assets.xcassets */; };
		D6F015702B7CB87600A28438 /* Preview Assets.xcassets in Resources */ = {isa = PBXBuildFile; fileRef = D6F0156F2B7CB87600A28438 /* Preview Assets.xcassets */; };
		D6F0157A2B7CB87700A28438 /* SwiftUIIntegrationTests.swift in Sources */ = {isa = PBXBuildFile; fileRef = D6F015792B7CB87700A28438 /* SwiftUIIntegrationTests.swift */; };
		D6F015842B7CB87700A28438 /* SwiftUIIntegrationUITests.swift in Sources */ = {isa = PBXBuildFile; fileRef = D6F015832B7CB87700A28438 /* SwiftUIIntegrationUITests.swift */; };
		D6F015862B7CB87700A28438 /* SwiftUIIntegrationUITestsLaunchTests.swift in Sources */ = {isa = PBXBuildFile; fileRef = D6F015852B7CB87700A28438 /* SwiftUIIntegrationUITestsLaunchTests.swift */; };
/* End PBXBuildFile section */

/* Begin PBXContainerItemProxy section */
		D6F015762B7CB87700A28438 /* PBXContainerItemProxy */ = {
			isa = PBXContainerItemProxy;
			containerPortal = D6F0155D2B7CB87400A28438 /* Project object */;
			proxyType = 1;
			remoteGlobalIDString = D6F015642B7CB87400A28438;
			remoteInfo = SwiftUIIntegration;
		};
		D6F015802B7CB87700A28438 /* PBXContainerItemProxy */ = {
			isa = PBXContainerItemProxy;
			containerPortal = D6F0155D2B7CB87400A28438 /* Project object */;
			proxyType = 1;
			remoteGlobalIDString = D6F015642B7CB87400A28438;
			remoteInfo = SwiftUIIntegration;
		};
/* End PBXContainerItemProxy section */

/* Begin PBXFileReference section */
		D67C00742B7CCA84005BCE7F /* Info.plist */ = {isa = PBXFileReference; lastKnownFileType = text.plist; path = Info.plist; sourceTree = "<group>"; };
		D67C00912B7CE0CE005BCE7F /* FBLoginManager.swift */ = {isa = PBXFileReference; lastKnownFileType = sourcecode.swift; path = FBLoginManager.swift; sourceTree = "<group>"; };
		D6F015652B7CB87400A28438 /* SwiftUIIntegration.app */ = {isa = PBXFileReference; explicitFileType = wrapper.application; includeInIndex = 0; path = SwiftUIIntegration.app; sourceTree = BUILT_PRODUCTS_DIR; };
		D6F015682B7CB87400A28438 /* SwiftUIIntegrationApp.swift */ = {isa = PBXFileReference; lastKnownFileType = sourcecode.swift; path = SwiftUIIntegrationApp.swift; sourceTree = "<group>"; };
		D6F0156A2B7CB87400A28438 /* ContentView.swift */ = {isa = PBXFileReference; lastKnownFileType = sourcecode.swift; path = ContentView.swift; sourceTree = "<group>"; };
		D6F0156C2B7CB87600A28438 /* Assets.xcassets */ = {isa = PBXFileReference; lastKnownFileType = folder.assetcatalog; path = Assets.xcassets; sourceTree = "<group>"; };
		D6F0156F2B7CB87600A28438 /* Preview Assets.xcassets */ = {isa = PBXFileReference; lastKnownFileType = folder.assetcatalog; path = "Preview Assets.xcassets"; sourceTree = "<group>"; };
		D6F015752B7CB87700A28438 /* SwiftUIIntegrationTests.xctest */ = {isa = PBXFileReference; explicitFileType = wrapper.cfbundle; includeInIndex = 0; path = SwiftUIIntegrationTests.xctest; sourceTree = BUILT_PRODUCTS_DIR; };
		D6F015792B7CB87700A28438 /* SwiftUIIntegrationTests.swift */ = {isa = PBXFileReference; lastKnownFileType = sourcecode.swift; path = SwiftUIIntegrationTests.swift; sourceTree = "<group>"; };
		D6F0157F2B7CB87700A28438 /* SwiftUIIntegrationUITests.xctest */ = {isa = PBXFileReference; explicitFileType = wrapper.cfbundle; includeInIndex = 0; path = SwiftUIIntegrationUITests.xctest; sourceTree = BUILT_PRODUCTS_DIR; };
		D6F015832B7CB87700A28438 /* SwiftUIIntegrationUITests.swift */ = {isa = PBXFileReference; lastKnownFileType = sourcecode.swift; path = SwiftUIIntegrationUITests.swift; sourceTree = "<group>"; };
		D6F015852B7CB87700A28438 /* SwiftUIIntegrationUITestsLaunchTests.swift */ = {isa = PBXFileReference; lastKnownFileType = sourcecode.swift; path = SwiftUIIntegrationUITestsLaunchTests.swift; sourceTree = "<group>"; };
/* End PBXFileReference section */

/* Begin PBXFrameworksBuildPhase section */
		D6F015622B7CB87400A28438 /* Frameworks */ = {
			isa = PBXFrameworksBuildPhase;
			buildActionMask = 2147483647;
			files = (
				D67C008E2B7CCF3F005BCE7F /* FacebookLogin in Frameworks */,
				D67C00862B7CCF3F005BCE7F /* FacebookAEM in Frameworks */,
				D67C00902B7CCF3F005BCE7F /* FacebookShare in Frameworks */,
				D67C008A2B7CCF3F005BCE7F /* FacebookCore in Frameworks */,
				D67C00882B7CCF3F005BCE7F /* FacebookBasics in Frameworks */,
				D67C008C2B7CCF3F005BCE7F /* FacebookGamingServices in Frameworks */,
			);
			runOnlyForDeploymentPostprocessing = 0;
		};
		D6F015722B7CB87700A28438 /* Frameworks */ = {
			isa = PBXFrameworksBuildPhase;
			buildActionMask = 2147483647;
			files = (
			);
			runOnlyForDeploymentPostprocessing = 0;
		};
		D6F0157C2B7CB87700A28438 /* Frameworks */ = {
			isa = PBXFrameworksBuildPhase;
			buildActionMask = 2147483647;
			files = (
			);
			runOnlyForDeploymentPostprocessing = 0;
		};
/* End PBXFrameworksBuildPhase section */

/* Begin PBXGroup section */
		D6F0155C2B7CB87400A28438 = {
			isa = PBXGroup;
			children = (
				D6F015672B7CB87400A28438 /* SwiftUIIntegration */,
				D6F015782B7CB87700A28438 /* SwiftUIIntegrationTests */,
				D6F015822B7CB87700A28438 /* SwiftUIIntegrationUITests */,
				D6F015662B7CB87400A28438 /* Products */,
			);
			sourceTree = "<group>";
		};
		D6F015662B7CB87400A28438 /* Products */ = {
			isa = PBXGroup;
			children = (
				D6F015652B7CB87400A28438 /* SwiftUIIntegration.app */,
				D6F015752B7CB87700A28438 /* SwiftUIIntegrationTests.xctest */,
				D6F0157F2B7CB87700A28438 /* SwiftUIIntegrationUITests.xctest */,
			);
			name = Products;
			sourceTree = "<group>";
		};
		D6F015672B7CB87400A28438 /* SwiftUIIntegration */ = {
			isa = PBXGroup;
			children = (
				D67C00742B7CCA84005BCE7F /* Info.plist */,
				D6F015682B7CB87400A28438 /* SwiftUIIntegrationApp.swift */,
				D6F0156A2B7CB87400A28438 /* ContentView.swift */,
				D6F0156C2B7CB87600A28438 /* Assets.xcassets */,
				D6F0156E2B7CB87600A28438 /* Preview Content */,
				D67C00912B7CE0CE005BCE7F /* FBLoginManager.swift */,
			);
			path = SwiftUIIntegration;
			sourceTree = "<group>";
		};
		D6F0156E2B7CB87600A28438 /* Preview Content */ = {
			isa = PBXGroup;
			children = (
				D6F0156F2B7CB87600A28438 /* Preview Assets.xcassets */,
			);
			path = "Preview Content";
			sourceTree = "<group>";
		};
		D6F015782B7CB87700A28438 /* SwiftUIIntegrationTests */ = {
			isa = PBXGroup;
			children = (
				D6F015792B7CB87700A28438 /* SwiftUIIntegrationTests.swift */,
			);
			path = SwiftUIIntegrationTests;
			sourceTree = "<group>";
		};
		D6F015822B7CB87700A28438 /* SwiftUIIntegrationUITests */ = {
			isa = PBXGroup;
			children = (
				D6F015832B7CB87700A28438 /* SwiftUIIntegrationUITests.swift */,
				D6F015852B7CB87700A28438 /* SwiftUIIntegrationUITestsLaunchTests.swift */,
			);
			path = SwiftUIIntegrationUITests;
			sourceTree = "<group>";
		};
/* End PBXGroup section */

/* Begin PBXNativeTarget section */
		D6F015642B7CB87400A28438 /* SwiftUIIntegration */ = {
			isa = PBXNativeTarget;
			buildConfigurationList = D6F015892B7CB87700A28438 /* Build configuration list for PBXNativeTarget "SwiftUIIntegration" */;
			buildPhases = (
				D6F015612B7CB87400A28438 /* Sources */,
				D6F015622B7CB87400A28438 /* Frameworks */,
				D6F015632B7CB87400A28438 /* Resources */,
			);
			buildRules = (
			);
			dependencies = (
			);
			name = SwiftUIIntegration;
			packageProductDependencies = (
				D67C00852B7CCF3F005BCE7F /* FacebookAEM */,
				D67C00872B7CCF3F005BCE7F /* FacebookBasics */,
				D67C00892B7CCF3F005BCE7F /* FacebookCore */,
				D67C008B2B7CCF3F005BCE7F /* FacebookGamingServices */,
				D67C008D2B7CCF3F005BCE7F /* FacebookLogin */,
				D67C008F2B7CCF3F005BCE7F /* FacebookShare */,
			);
			productName = SwiftUIIntegration;
			productReference = D6F015652B7CB87400A28438 /* SwiftUIIntegration.app */;
			productType = "com.apple.product-type.application";
		};
		D6F015742B7CB87700A28438 /* SwiftUIIntegrationTests */ = {
			isa = PBXNativeTarget;
			buildConfigurationList = D6F0158C2B7CB87700A28438 /* Build configuration list for PBXNativeTarget "SwiftUIIntegrationTests" */;
			buildPhases = (
				D6F015712B7CB87700A28438 /* Sources */,
				D6F015722B7CB87700A28438 /* Frameworks */,
				D6F015732B7CB87700A28438 /* Resources */,
			);
			buildRules = (
			);
			dependencies = (
				D6F015772B7CB87700A28438 /* PBXTargetDependency */,
			);
			name = SwiftUIIntegrationTests;
			productName = SwiftUIIntegrationTests;
			productReference = D6F015752B7CB87700A28438 /* SwiftUIIntegrationTests.xctest */;
			productType = "com.apple.product-type.bundle.unit-test";
		};
		D6F0157E2B7CB87700A28438 /* SwiftUIIntegrationUITests */ = {
			isa = PBXNativeTarget;
			buildConfigurationList = D6F0158F2B7CB87700A28438 /* Build configuration list for PBXNativeTarget "SwiftUIIntegrationUITests" */;
			buildPhases = (
				D6F0157B2B7CB87700A28438 /* Sources */,
				D6F0157C2B7CB87700A28438 /* Frameworks */,
				D6F0157D2B7CB87700A28438 /* Resources */,
			);
			buildRules = (
			);
			dependencies = (
				D6F015812B7CB87700A28438 /* PBXTargetDependency */,
			);
			name = SwiftUIIntegrationUITests;
			productName = SwiftUIIntegrationUITests;
			productReference = D6F0157F2B7CB87700A28438 /* SwiftUIIntegrationUITests.xctest */;
			productType = "com.apple.product-type.bundle.ui-testing";
		};
/* End PBXNativeTarget section */

/* Begin PBXProject section */
		D6F0155D2B7CB87400A28438 /* Project object */ = {
			isa = PBXProject;
			attributes = {
				BuildIndependentTargetsInParallel = 1;
				LastSwiftUpdateCheck = 1520;
				LastUpgradeCheck = 1520;
				TargetAttributes = {
					D6F015642B7CB87400A28438 = {
						CreatedOnToolsVersion = 15.2;
					};
					D6F015742B7CB87700A28438 = {
						CreatedOnToolsVersion = 15.2;
						TestTargetID = D6F015642B7CB87400A28438;
					};
					D6F0157E2B7CB87700A28438 = {
						CreatedOnToolsVersion = 15.2;
						TestTargetID = D6F015642B7CB87400A28438;
					};
				};
			};
			buildConfigurationList = D6F015602B7CB87400A28438 /* Build configuration list for PBXProject "SwiftUIIntegration" */;
			compatibilityVersion = "Xcode 14.0";
			developmentRegion = en;
			hasScannedForEncodings = 0;
			knownRegions = (
				en,
				Base,
			);
			mainGroup = D6F0155C2B7CB87400A28438;
			packageReferences = (
				D67C00842B7CCF3F005BCE7F /* XCRemoteSwiftPackageReference "facebook-ios-sdk" */,
			);
			productRefGroup = D6F015662B7CB87400A28438 /* Products */;
			projectDirPath = "";
			projectRoot = "";
			targets = (
				D6F015642B7CB87400A28438 /* SwiftUIIntegration */,
				D6F015742B7CB87700A28438 /* SwiftUIIntegrationTests */,
				D6F0157E2B7CB87700A28438 /* SwiftUIIntegrationUITests */,
			);
		};
/* End PBXProject section */

/* Begin PBXResourcesBuildPhase section */
		D6F015632B7CB87400A28438 /* Resources */ = {
			isa = PBXResourcesBuildPhase;
			buildActionMask = 2147483647;
			files = (
				D6F015702B7CB87600A28438 /* Preview Assets.xcassets in Resources */,
				D6F0156D2B7CB87600A28438 /* Assets.xcassets in Resources */,
			);
			runOnlyForDeploymentPostprocessing = 0;
		};
		D6F015732B7CB87700A28438 /* Resources */ = {
			isa = PBXResourcesBuildPhase;
			buildActionMask = 2147483647;
			files = (
			);
			runOnlyForDeploymentPostprocessing = 0;
		};
		D6F0157D2B7CB87700A28438 /* Resources */ = {
			isa = PBXResourcesBuildPhase;
			buildActionMask = 2147483647;
			files = (
			);
			runOnlyForDeploymentPostprocessing = 0;
		};
/* End PBXResourcesBuildPhase section */

/* Begin PBXSourcesBuildPhase section */
		D6F015612B7CB87400A28438 /* Sources */ = {
			isa = PBXSourcesBuildPhase;
			buildActionMask = 2147483647;
			files = (
				D6F0156B2B7CB87400A28438 /* ContentView.swift in Sources */,
				D6F015692B7CB87400A28438 /* SwiftUIIntegrationApp.swift in Sources */,
				D67C00922B7CE0CE005BCE7F /* FBLoginManager.swift in Sources */,
			);
			runOnlyForDeploymentPostprocessing = 0;
		};
		D6F015712B7CB87700A28438 /* Sources */ = {
			isa = PBXSourcesBuildPhase;
			buildActionMask = 2147483647;
			files = (
				D6F0157A2B7CB87700A28438 /* SwiftUIIntegrationTests.swift in Sources */,
			);
			runOnlyForDeploymentPostprocessing = 0;
		};
		D6F0157B2B7CB87700A28438 /* Sources */ = {
			isa = PBXSourcesBuildPhase;
			buildActionMask = 2147483647;
			files = (
				D6F015842B7CB87700A28438 /* SwiftUIIntegrationUITests.swift in Sources */,
				D6F015862B7CB87700A28438 /* SwiftUIIntegrationUITestsLaunchTests.swift in Sources */,
			);
			runOnlyForDeploymentPostprocessing = 0;
		};
/* End PBXSourcesBuildPhase section */

/* Begin PBXTargetDependency section */
		D6F015772B7CB87700A28438 /* PBXTargetDependency */ = {
			isa = PBXTargetDependency;
			target = D6F015642B7CB87400A28438 /* SwiftUIIntegration */;
			targetProxy = D6F015762B7CB87700A28438 /* PBXContainerItemProxy */;
		};
		D6F015812B7CB87700A28438 /* PBXTargetDependency */ = {
			isa = PBXTargetDependency;
			target = D6F015642B7CB87400A28438 /* SwiftUIIntegration */;
			targetProxy = D6F015802B7CB87700A28438 /* PBXContainerItemProxy */;
		};
/* End PBXTargetDependency section */

/* Begin XCBuildConfiguration section */
		D6F015872B7CB87700A28438 /* Debug */ = {
			isa = XCBuildConfiguration;
			buildSettings = {
				ALWAYS_SEARCH_USER_PATHS = NO;
				ASSETCATALOG_COMPILER_GENERATE_SWIFT_ASSET_SYMBOL_EXTENSIONS = YES;
				CLANG_ANALYZER_NONNULL = YES;
				CLANG_ANALYZER_NUMBER_OBJECT_CONVERSION = YES_AGGRESSIVE;
				CLANG_CXX_LANGUAGE_STANDARD = "gnu++20";
				CLANG_ENABLE_MODULES = YES;
				CLANG_ENABLE_OBJC_ARC = YES;
				CLANG_ENABLE_OBJC_WEAK = YES;
				CLANG_WARN_BLOCK_CAPTURE_AUTORELEASING = YES;
				CLANG_WARN_BOOL_CONVERSION = YES;
				CLANG_WARN_COMMA = YES;
				CLANG_WARN_CONSTANT_CONVERSION = YES;
				CLANG_WARN_DEPRECATED_OBJC_IMPLEMENTATIONS = YES;
				CLANG_WARN_DIRECT_OBJC_ISA_USAGE = YES_ERROR;
				CLANG_WARN_DOCUMENTATION_COMMENTS = YES;
				CLANG_WARN_EMPTY_BODY = YES;
				CLANG_WARN_ENUM_CONVERSION = YES;
				CLANG_WARN_INFINITE_RECURSION = YES;
				CLANG_WARN_INT_CONVERSION = YES;
				CLANG_WARN_NON_LITERAL_NULL_CONVERSION = YES;
				CLANG_WARN_OBJC_IMPLICIT_RETAIN_SELF = YES;
				CLANG_WARN_OBJC_LITERAL_CONVERSION = YES;
				CLANG_WARN_OBJC_ROOT_CLASS = YES_ERROR;
				CLANG_WARN_QUOTED_INCLUDE_IN_FRAMEWORK_HEADER = YES;
				CLANG_WARN_RANGE_LOOP_ANALYSIS = YES;
				CLANG_WARN_STRICT_PROTOTYPES = YES;
				CLANG_WARN_SUSPICIOUS_MOVE = YES;
				CLANG_WARN_UNGUARDED_AVAILABILITY = YES_AGGRESSIVE;
				CLANG_WARN_UNREACHABLE_CODE = YES;
				CLANG_WARN__DUPLICATE_METHOD_MATCH = YES;
				COPY_PHASE_STRIP = NO;
				DEBUG_INFORMATION_FORMAT = dwarf;
				ENABLE_STRICT_OBJC_MSGSEND = YES;
				ENABLE_TESTABILITY = YES;
				ENABLE_USER_SCRIPT_SANDBOXING = YES;
				GCC_C_LANGUAGE_STANDARD = gnu17;
				GCC_DYNAMIC_NO_PIC = NO;
				GCC_NO_COMMON_BLOCKS = YES;
				GCC_OPTIMIZATION_LEVEL = 0;
				GCC_PREPROCESSOR_DEFINITIONS = (
					"DEBUG=1",
					"$(inherited)",
				);
				GCC_WARN_64_TO_32_BIT_CONVERSION = YES;
				GCC_WARN_ABOUT_RETURN_TYPE = YES_ERROR;
				GCC_WARN_UNDECLARED_SELECTOR = YES;
				GCC_WARN_UNINITIALIZED_AUTOS = YES_AGGRESSIVE;
				GCC_WARN_UNUSED_FUNCTION = YES;
				GCC_WARN_UNUSED_VARIABLE = YES;
				IPHONEOS_DEPLOYMENT_TARGET = 17.2;
				LOCALIZATION_PREFERS_STRING_CATALOGS = YES;
				MTL_ENABLE_DEBUG_INFO = INCLUDE_SOURCE;
				MTL_FAST_MATH = YES;
				ONLY_ACTIVE_ARCH = YES;
				SDKROOT = iphoneos;
				SWIFT_ACTIVE_COMPILATION_CONDITIONS = "DEBUG $(inherited)";
				SWIFT_OPTIMIZATION_LEVEL = "-Onone";
			};
			name = Debug;
		};
		D6F015882B7CB87700A28438 /* Release */ = {
			isa = XCBuildConfiguration;
			buildSettings = {
				ALWAYS_SEARCH_USER_PATHS = NO;
				ASSETCATALOG_COMPILER_GENERATE_SWIFT_ASSET_SYMBOL_EXTENSIONS = YES;
				CLANG_ANALYZER_NONNULL = YES;
				CLANG_ANALYZER_NUMBER_OBJECT_CONVERSION = YES_AGGRESSIVE;
				CLANG_CXX_LANGUAGE_STANDARD = "gnu++20";
				CLANG_ENABLE_MODULES = YES;
				CLANG_ENABLE_OBJC_ARC = YES;
				CLANG_ENABLE_OBJC_WEAK = YES;
				CLANG_WARN_BLOCK_CAPTURE_AUTORELEASING = YES;
				CLANG_WARN_BOOL_CONVERSION = YES;
				CLANG_WARN_COMMA = YES;
				CLANG_WARN_CONSTANT_CONVERSION = YES;
				CLANG_WARN_DEPRECATED_OBJC_IMPLEMENTATIONS = YES;
				CLANG_WARN_DIRECT_OBJC_ISA_USAGE = YES_ERROR;
				CLANG_WARN_DOCUMENTATION_COMMENTS = YES;
				CLANG_WARN_EMPTY_BODY = YES;
				CLANG_WARN_ENUM_CONVERSION = YES;
				CLANG_WARN_INFINITE_RECURSION = YES;
				CLANG_WARN_INT_CONVERSION = YES;
				CLANG_WARN_NON_LITERAL_NULL_CONVERSION = YES;
				CLANG_WARN_OBJC_IMPLICIT_RETAIN_SELF = YES;
				CLANG_WARN_OBJC_LITERAL_CONVERSION = YES;
				CLANG_WARN_OBJC_ROOT_CLASS = YES_ERROR;
				CLANG_WARN_QUOTED_INCLUDE_IN_FRAMEWORK_HEADER = YES;
				CLANG_WARN_RANGE_LOOP_ANALYSIS = YES;
				CLANG_WARN_STRICT_PROTOTYPES = YES;
				CLANG_WARN_SUSPICIOUS_MOVE = YES;
				CLANG_WARN_UNGUARDED_AVAILABILITY = YES_AGGRESSIVE;
				CLANG_WARN_UNREACHABLE_CODE = YES;
				CLANG_WARN__DUPLICATE_METHOD_MATCH = YES;
				COPY_PHASE_STRIP = NO;
				DEBUG_INFORMATION_FORMAT = "dwarf-with-dsym";
				ENABLE_NS_ASSERTIONS = NO;
				ENABLE_STRICT_OBJC_MSGSEND = YES;
				ENABLE_USER_SCRIPT_SANDBOXING = YES;
				GCC_C_LANGUAGE_STANDARD = gnu17;
				GCC_NO_COMMON_BLOCKS = YES;
				GCC_WARN_64_TO_32_BIT_CONVERSION = YES;
				GCC_WARN_ABOUT_RETURN_TYPE = YES_ERROR;
				GCC_WARN_UNDECLARED_SELECTOR = YES;
				GCC_WARN_UNINITIALIZED_AUTOS = YES_AGGRESSIVE;
				GCC_WARN_UNUSED_FUNCTION = YES;
				GCC_WARN_UNUSED_VARIABLE = YES;
				IPHONEOS_DEPLOYMENT_TARGET = 17.2;
				LOCALIZATION_PREFERS_STRING_CATALOGS = YES;
				MTL_ENABLE_DEBUG_INFO = NO;
				MTL_FAST_MATH = YES;
				SDKROOT = iphoneos;
				SWIFT_COMPILATION_MODE = wholemodule;
				VALIDATE_PRODUCT = YES;
			};
			name = Release;
		};
		D6F0158A2B7CB87700A28438 /* Debug */ = {
			isa = XCBuildConfiguration;
			buildSettings = {
				ASSETCATALOG_COMPILER_APPICON_NAME = AppIcon;
				ASSETCATALOG_COMPILER_GLOBAL_ACCENT_COLOR_NAME = AccentColor;
				CODE_SIGN_STYLE = Automatic;
				CURRENT_PROJECT_VERSION = 1;
				DEVELOPMENT_ASSET_PATHS = "\"SwiftUIIntegration/Preview Content\"";
				DEVELOPMENT_TEAM = K6LJCT8RAA;
				ENABLE_PREVIEWS = YES;
				GENERATE_INFOPLIST_FILE = YES;
				INFOPLIST_FILE = SwiftUIIntegration/Info.plist;
				INFOPLIST_KEY_UIApplicationSceneManifest_Generation = YES;
				INFOPLIST_KEY_UIApplicationSupportsIndirectInputEvents = YES;
				INFOPLIST_KEY_UILaunchScreen_Generation = YES;
				INFOPLIST_KEY_UISupportedInterfaceOrientations_iPad = "UIInterfaceOrientationPortrait UIInterfaceOrientationPortraitUpsideDown UIInterfaceOrientationLandscapeLeft UIInterfaceOrientationLandscapeRight";
				INFOPLIST_KEY_UISupportedInterfaceOrientations_iPhone = "UIInterfaceOrientationPortrait UIInterfaceOrientationLandscapeLeft UIInterfaceOrientationLandscapeRight";
				IPHONEOS_DEPLOYMENT_TARGET = 15.0;
				LD_RUNPATH_SEARCH_PATHS = (
					"$(inherited)",
					"@executable_path/Frameworks",
				);
				MARKETING_VERSION = 1.0;
				PRODUCT_BUNDLE_IDENTIFIER = com.template.SwiftUIIntegration;
				PRODUCT_NAME = "$(TARGET_NAME)";
				SWIFT_EMIT_LOC_STRINGS = YES;
				SWIFT_VERSION = 5.0;
				TARGETED_DEVICE_FAMILY = "1,2";
			};
			name = Debug;
		};
		D6F0158B2B7CB87700A28438 /* Release */ = {
			isa = XCBuildConfiguration;
			buildSettings = {
				ASSETCATALOG_COMPILER_APPICON_NAME = AppIcon;
				ASSETCATALOG_COMPILER_GLOBAL_ACCENT_COLOR_NAME = AccentColor;
				CODE_SIGN_STYLE = Automatic;
				CURRENT_PROJECT_VERSION = 1;
				DEVELOPMENT_ASSET_PATHS = "\"SwiftUIIntegration/Preview Content\"";
				DEVELOPMENT_TEAM = K6LJCT8RAA;
				ENABLE_PREVIEWS = YES;
				GENERATE_INFOPLIST_FILE = YES;
				INFOPLIST_FILE = SwiftUIIntegration/Info.plist;
				INFOPLIST_KEY_UIApplicationSceneManifest_Generation = YES;
				INFOPLIST_KEY_UIApplicationSupportsIndirectInputEvents = YES;
				INFOPLIST_KEY_UILaunchScreen_Generation = YES;
				INFOPLIST_KEY_UISupportedInterfaceOrientations_iPad = "UIInterfaceOrientationPortrait UIInterfaceOrientationPortraitUpsideDown UIInterfaceOrientationLandscapeLeft UIInterfaceOrientationLandscapeRight";
				INFOPLIST_KEY_UISupportedInterfaceOrientations_iPhone = "UIInterfaceOrientationPortrait UIInterfaceOrientationLandscapeLeft UIInterfaceOrientationLandscapeRight";
				IPHONEOS_DEPLOYMENT_TARGET = 15.0;
				LD_RUNPATH_SEARCH_PATHS = (
					"$(inherited)",
					"@executable_path/Frameworks",
				);
				MARKETING_VERSION = 1.0;
				PRODUCT_BUNDLE_IDENTIFIER = com.template.SwiftUIIntegration;
				PRODUCT_NAME = "$(TARGET_NAME)";
				SWIFT_EMIT_LOC_STRINGS = YES;
				SWIFT_VERSION = 5.0;
				TARGETED_DEVICE_FAMILY = "1,2";
			};
			name = Release;
		};
		D6F0158D2B7CB87700A28438 /* Debug */ = {
			isa = XCBuildConfiguration;
			buildSettings = {
				ALWAYS_EMBED_SWIFT_STANDARD_LIBRARIES = YES;
				BUNDLE_LOADER = "$(TEST_HOST)";
				CODE_SIGN_STYLE = Automatic;
				CURRENT_PROJECT_VERSION = 1;
				DEVELOPMENT_TEAM = K6LJCT8RAA;
				GENERATE_INFOPLIST_FILE = YES;
				IPHONEOS_DEPLOYMENT_TARGET = 17.2;
				MARKETING_VERSION = 1.0;
				PRODUCT_BUNDLE_IDENTIFIER = com.template.SwiftUIIntegrationTests;
				PRODUCT_NAME = "$(TARGET_NAME)";
				SWIFT_EMIT_LOC_STRINGS = NO;
				SWIFT_VERSION = 5.0;
				TARGETED_DEVICE_FAMILY = "1,2";
				TEST_HOST = "$(BUILT_PRODUCTS_DIR)/SwiftUIIntegration.app/$(BUNDLE_EXECUTABLE_FOLDER_PATH)/SwiftUIIntegration";
			};
			name = Debug;
		};
		D6F0158E2B7CB87700A28438 /* Release */ = {
			isa = XCBuildConfiguration;
			buildSettings = {
				ALWAYS_EMBED_SWIFT_STANDARD_LIBRARIES = YES;
				BUNDLE_LOADER = "$(TEST_HOST)";
				CODE_SIGN_STYLE = Automatic;
				CURRENT_PROJECT_VERSION = 1;
				DEVELOPMENT_TEAM = K6LJCT8RAA;
				GENERATE_INFOPLIST_FILE = YES;
				IPHONEOS_DEPLOYMENT_TARGET = 17.2;
				MARKETING_VERSION = 1.0;
				PRODUCT_BUNDLE_IDENTIFIER = com.template.SwiftUIIntegrationTests;
				PRODUCT_NAME = "$(TARGET_NAME)";
				SWIFT_EMIT_LOC_STRINGS = NO;
				SWIFT_VERSION = 5.0;
				TARGETED_DEVICE_FAMILY = "1,2";
				TEST_HOST = "$(BUILT_PRODUCTS_DIR)/SwiftUIIntegration.app/$(BUNDLE_EXECUTABLE_FOLDER_PATH)/SwiftUIIntegration";
			};
			name = Release;
		};
		D6F015902B7CB87700A28438 /* Debug */ = {
			isa = XCBuildConfiguration;
			buildSettings = {
				ALWAYS_EMBED_SWIFT_STANDARD_LIBRARIES = YES;
				CODE_SIGN_STYLE = Automatic;
				CURRENT_PROJECT_VERSION = 1;
				DEVELOPMENT_TEAM = K6LJCT8RAA;
				GENERATE_INFOPLIST_FILE = YES;
				MARKETING_VERSION = 1.0;
				PRODUCT_BUNDLE_IDENTIFIER = com.template.SwiftUIIntegrationUITests;
				PRODUCT_NAME = "$(TARGET_NAME)";
				SWIFT_EMIT_LOC_STRINGS = NO;
				SWIFT_VERSION = 5.0;
				TARGETED_DEVICE_FAMILY = "1,2";
				TEST_TARGET_NAME = SwiftUIIntegration;
			};
			name = Debug;
		};
		D6F015912B7CB87700A28438 /* Release */ = {
			isa = XCBuildConfiguration;
			buildSettings = {
				ALWAYS_EMBED_SWIFT_STANDARD_LIBRARIES = YES;
				CODE_SIGN_STYLE = Automatic;
				CURRENT_PROJECT_VERSION = 1;
				DEVELOPMENT_TEAM = K6LJCT8RAA;
				GENERATE_INFOPLIST_FILE = YES;
				MARKETING_VERSION = 1.0;
				PRODUCT_BUNDLE_IDENTIFIER = com.template.SwiftUIIntegrationUITests;
				PRODUCT_NAME = "$(TARGET_NAME)";
				SWIFT_EMIT_LOC_STRINGS = NO;
				SWIFT_VERSION = 5.0;
				TARGETED_DEVICE_FAMILY = "1,2";
				TEST_TARGET_NAME = SwiftUIIntegration;
			};
			name = Release;
		};
/* End XCBuildConfiguration section */

/* Begin XCConfigurationList section */
		D6F015602B7CB87400A28438 /* Build configuration list for PBXProject "SwiftUIIntegration" */ = {
			isa = XCConfigurationList;
			buildConfigurations = (
				D6F015872B7CB87700A28438 /* Debug */,
				D6F015882B7CB87700A28438 /* Release */,
			);
			defaultConfigurationIsVisible = 0;
			defaultConfigurationName = Release;
		};
		D6F015892B7CB87700A28438 /* Build configuration list for PBXNativeTarget "SwiftUIIntegration" */ = {
			isa = XCConfigurationList;
			buildConfigurations = (
				D6F0158A2B7CB87700A28438 /* Debug */,
				D6F0158B2B7CB87700A28438 /* Release */,
			);
			defaultConfigurationIsVisible = 0;
			defaultConfigurationName = Release;
		};
		D6F0158C2B7CB87700A28438 /* Build configuration list for PBXNativeTarget "SwiftUIIntegrationTests" */ = {
			isa = XCConfigurationList;
			buildConfigurations = (
				D6F0158D2B7CB87700A28438 /* Debug */,
				D6F0158E2B7CB87700A28438 /* Release */,
			);
			defaultConfigurationIsVisible = 0;
			defaultConfigurationName = Release;
		};
		D6F0158F2B7CB87700A28438 /* Build configuration list for PBXNativeTarget "SwiftUIIntegrationUITests" */ = {
			isa = XCConfigurationList;
			buildConfigurations = (
				D6F015902B7CB87700A28438 /* Debug */,
				D6F015912B7CB87700A28438 /* Release */,
			);
			defaultConfigurationIsVisible = 0;
			defaultConfigurationName = Release;
		};
/* End XCConfigurationList section */

/* Begin XCRemoteSwiftPackageReference section */
		D67C00842B7CCF3F005BCE7F /* XCRemoteSwiftPackageReference "facebook-ios-sdk" */ = {
			isa = XCRemoteSwiftPackageReference;
			repositoryURL = "https://github.com/facebook/facebook-ios-sdk.git";
			requirement = {
				kind = upToNextMajorVersion;
				minimumVersion = 14.1.0;
			};
		};
/* End XCRemoteSwiftPackageReference section */

/* Begin XCSwiftPackageProductDependency section */
		D67C00852B7CCF3F005BCE7F /* FacebookAEM */ = {
			isa = XCSwiftPackageProductDependency;
			package = D67C00842B7CCF3F005BCE7F /* XCRemoteSwiftPackageReference "facebook-ios-sdk" */;
			productName = FacebookAEM;
		};
		D67C00872B7CCF3F005BCE7F /* FacebookBasics */ = {
			isa = XCSwiftPackageProductDependency;
			package = D67C00842B7CCF3F005BCE7F /* XCRemoteSwiftPackageReference "facebook-ios-sdk" */;
			productName = FacebookBasics;
		};
		D67C00892B7CCF3F005BCE7F /* FacebookCore */ = {
			isa = XCSwiftPackageProductDependency;
			package = D67C00842B7CCF3F005BCE7F /* XCRemoteSwiftPackageReference "facebook-ios-sdk" */;
			productName = FacebookCore;
		};
		D67C008B2B7CCF3F005BCE7F /* FacebookGamingServices */ = {
			isa = XCSwiftPackageProductDependency;
			package = D67C00842B7CCF3F005BCE7F /* XCRemoteSwiftPackageReference "facebook-ios-sdk" */;
			productName = FacebookGamingServices;
		};
		D67C008D2B7CCF3F005BCE7F /* FacebookLogin */ = {
			isa = XCSwiftPackageProductDependency;
			package = D67C00842B7CCF3F005BCE7F /* XCRemoteSwiftPackageReference "facebook-ios-sdk" */;
			productName = FacebookLogin;
		};
		D67C008F2B7CCF3F005BCE7F /* FacebookShare */ = {
			isa = XCSwiftPackageProductDependency;
			package = D67C00842B7CCF3F005BCE7F /* XCRemoteSwiftPackageReference "facebook-ios-sdk" */;
			productName = FacebookShare;
		};
/* End XCSwiftPackageProductDependency section */
	};
	rootObject = D6F0155D2B7CB87400A28438 /* Project object */;
}
